
Microsoft Visual Studio Solution File, Format Version 12.00
# Visual Studio Version 16
VisualStudioVersion = 16.0.33529.622
MinimumVisualStudioVersion = 10.0.40219.1
Project("{F14B399A-7131-4C87-9E4B-1186C45EF12D}") = "WesternUnion", "WesternUnion.rptproj", "{4D43A511-BDA6-4005-AC6D-566A012D82B2}"
EndProject
Global
	GlobalSection(SolutionConfigurationPlatforms) = preSolution
		Debug|Default = Debug|Default
		DebugLocal|Default = DebugLocal|Default
		Release|Default = Release|Default
	EndGlobalSection
	GlobalSection(ProjectConfigurationPlatforms) = postSolution
		{4D43A511-BDA6-4005-AC6D-566A012D82B2}.Debug|Default.ActiveCfg = Debug
		{4D43A511-BDA6-4005-AC6D-566A012D82B2}.Debug|Default.Build.0 = Debug
		{4D43A511-BDA6-4005-AC6D-566A012D82B2}.Debug|Default.Deploy.0 = Debug
		{4D43A511-BDA6-4005-AC6D-566A012D82B2}.DebugLocal|Default.ActiveCfg = DebugLocal
		{4D43A511-BDA6-4005-AC6D-566A012D82B2}.DebugLocal|Default.Build.0 = DebugLocal
		{4D43A511-BDA6-4005-AC6D-566A012D82B2}.Release|Default.ActiveCfg = Release
		{4D43A511-BDA6-4005-AC6D-566A012D82B2}.Release|Default.Build.0 = Release
		{4D43A511-BDA6-4005-AC6D-566A012D82B2}.Release|Default.Deploy.0 = Release
	EndGlobalSection
	GlobalSection(SolutionProperties) = preSolution
		HideSolutionNode = FALSE
	EndGlobalSection
	GlobalSection(ExtensibilityGlobals) = postSolution
		SolutionGuid = {ABDE9811-5A00-4D51-AD0B-882903F8D966}
	EndGlobalSection
EndGlobal
